
Microsoft Visual Studio Solution File, Format Version 12.00
# Visual Studio Version 17
VisualStudioVersion = 17.14.36811.4 d17.14
MinimumVisualStudioVersion = 10.0.40219.1
Project("{FAE04EC0-301F-11D3-BF4B-00C04F79EFBC}") = "praticar", "praticar\praticar.csproj", "{E9160564-E1E9-447F-91B5-C761216CCF54}"
EndProject
Global
	GlobalSection(SolutionConfigurationPlatforms) = preSolution
		Debug|Any CPU = Debug|Any CPU
		Release|Any CPU = Release|Any CPU
	EndGlobalSection
	GlobalSection(ProjectConfigurationPlatforms) = postSolution
		{E9160564-E1E9-447F-91B5-C761216CCF54}.Debug|Any CPU.ActiveCfg = Debug|Any CPU
		{E9160564-E1E9-447F-91B5-C761216CCF54}.Debug|Any CPU.Build.0 = Debug|Any CPU
		{E9160564-E1E9-447F-91B5-C761216CCF54}.Release|Any CPU.ActiveCfg = Release|Any CPU
		{E9160564-E1E9-447F-91B5-C761216CCF54}.Release|Any CPU.Build.0 = Release|Any CPU
	EndGlobalSection
	GlobalSection(SolutionProperties) = preSolution
		HideSolutionNode = FALSE
	EndGlobalSection
	GlobalSection(ExtensibilityGlobals) = postSolution
		SolutionGuid = {CB037519-89DA-4C6B-B640-E0AC80ED7E0C}
	EndGlobalSection
EndGlobal
